{
  "name": "tmp",
  "version": "0.0.1",
  "lockfileVersion": 3,
  "requires": true,
  "packages": {
    "": {
      "name": "tmp",
      "version": "0.0.1",
      "dependencies": {
        "@nomicfoundation/solidity-analyzer": "0.1.1",
        "@nomicfoundation/solidity-analyzer-darwin-arm64": "0.1.1",
        "@nomicfoundation/solidity-analyzer-darwin-x64": "0.1.1",
        "@nomicfoundation/solidity-analyzer-freebsd-x64": "0.1.1",
        "@nomicfoundation/solidity-analyzer-linux-arm64-gnu": "0.1.1",
        "@nomicfoundation/solidity-analyzer-linux-arm64-musl": "0.1.1",
        "@nomicfoundation/solidity-analyzer-linux-x64-gnu": "0.1.1",
        "@nomicfoundation/solidity-analyzer-linux-x64-musl": "0.1.1",
        "@nomicfoundation/solidity-analyzer-win32-arm64-msvc": "0.1.1",
        "@nomicfoundation/solidity-analyzer-win32-ia32-msvc": "0.1.1",
        "@nomicfoundation/solidity-analyzer-win32-x64-msvc": "0.1.1"
      }
    },
    "node_modules/@nomicfoundation/solidity-analyzer": {
      "version": "0.1.1",
      "resolved": "https://registry.npmjs.org/@nomicfoundation/solidity-analyzer/-/solidity-analyzer-0.1.1.tgz",
      "integrity": "sha512-1LMtXj1puAxyFusBgUIy5pZk3073cNXYnXUpuNKFghHbIit/xZgbk0AokpUADbNm3gyD6bFWl3LRFh3dhVdREg==",
      "engines": {
        "node": ">= 12"
      },
      "optionalDependencies": {
        "@nomicfoundation/solidity-analyzer-darwin-arm64": "0.1.1",
        "@nomicfoundation/solidity-analyzer-darwin-x64": "0.1.1",
        "@nomicfoundation/solidity-analyzer-freebsd-x64": "0.1.1",
        "@nomicfoundation/solidity-analyzer-linux-arm64-gnu": "0.1.1",
        "@nomicfoundation/solidity-analyzer-linux-arm64-musl": "0.1.1",
        "@nomicfoundation/solidity-analyzer-linux-x64-gnu": "0.1.1",
        "@nomicfoundation/solidity-analyzer-linux-x64-musl": "0.1.1",
        "@nomicfoundation/solidity-analyzer-win32-arm64-msvc": "0.1.1",
        "@nomicfoundation/solidity-analyzer-win32-ia32-msvc": "0.1.1",
        "@nomicfoundation/solidity-analyzer-win32-x64-msvc": "0.1.1"
      }
    },
    "node_modules/@nomicfoundation/solidity-analyzer-darwin-arm64": {
      "version": "0.1.1",
      "resolved": "https://registry.npmjs.org/@nomicfoundation/solidity-analyzer-darwin-arm64/-/solidity-analyzer-darwin-arm64-0.1.1.tgz",
      "integrity": "sha512-KcTodaQw8ivDZyF+D76FokN/HdpgGpfjc/gFCImdLUyqB6eSWVaZPazMbeAjmfhx3R0zm/NYVzxwAokFKgrc0w==",
      "cpu": [
        "arm64"
      ],
      "os": [
        "darwin"
      ],
      "engines": {
        "node": ">= 10"
      }
    },
    "node_modules/@nomicfoundation/solidity-analyzer-darwin-x64": {
      "version": "0.1.1",
      "resolved": "https://registry.npmjs.org/@nomicfoundation/solidity-analyzer-darwin-x64/-/solidity-analyzer-darwin-x64-0.1.1.tgz",
      "integrity": "sha512-XhQG4BaJE6cIbjAVtzGOGbK3sn1BO9W29uhk9J8y8fZF1DYz0Doj8QDMfpMu+A6TjPDs61lbsmeYodIDnfveSA==",
      "cpu": [
        "x64"
      ],
      "os": [
        "darwin"
      ],
      "engines": {
        "node": ">= 10"
      }
    },
    "node_modules/@nomicfoundation/solidity-analyzer-freebsd-x64": {
      "version": "0.1.1",
      "resolved": "https://registry.npmjs.org/@nomicfoundation/solidity-analyzer-freebsd-x64/-/solidity-analyzer-freebsd-x64-0.1.1.tgz",
      "integrity": "sha512-GHF1VKRdHW3G8CndkwdaeLkVBi5A9u2jwtlS7SLhBc8b5U/GcoL39Q+1CSO3hYqePNP+eV5YI7Zgm0ea6kMHoA==",
      "cpu": [
        "x64"
      ],
      "os": [
        "freebsd"
      ],
      "engines": {
        "node": ">= 10"
      }
    },
    "node_modules/@nomicfoundation/solidity-analyzer-linux-arm64-gnu": {
      "version": "0.1.1",
      "resolved": "https://registry.npmjs.org/@nomicfoundation/solidity-analyzer-linux-arm64-gnu/-/solidity-analyzer-linux-arm64-gnu-0.1.1.tgz",
      "integrity": "sha512-g4Cv2fO37ZsUENQ2vwPnZc2zRenHyAxHcyBjKcjaSmmkKrFr64yvzeNO8S3GBFCo90rfochLs99wFVGT/0owpg==",
      "cpu": [
        "arm64"
      ],
      "os": [
        "linux"
      ],
      "engines": {
        "node": ">= 10"
      }
    },
    "node_modules/@nomicfoundation/solidity-analyzer-linux-arm64-musl": {
      "version": "0.1.1",
      "resolved": "https://registry.npmjs.org/@nomicfoundation/solidity-analyzer-linux-arm64-musl/-/solidity-analyzer-linux-arm64-musl-0.1.1.tgz",
      "integrity": "sha512-WJ3CE5Oek25OGE3WwzK7oaopY8xMw9Lhb0mlYuJl/maZVo+WtP36XoQTb7bW/i8aAdHW5Z+BqrHMux23pvxG3w==",
      "cpu": [
        "arm64"
      ],
      "os": [
        "linux"
      ],
      "engines": {
        "node": ">= 10"
      }
    },
    "node_modules/@nomicfoundation/solidity-analyzer-linux-x64-gnu": {
      "version": "0.1.1",
      "resolved": "https://registry.npmjs.org/@nomicfoundation/solidity-analyzer-linux-x64-gnu/-/solidity-analyzer-linux-x64-gnu-0.1.1.tgz",
      "integrity": "sha512-5WN7leSr5fkUBBjE4f3wKENUy9HQStu7HmWqbtknfXkkil+eNWiBV275IOlpXku7v3uLsXTOKpnnGHJYI2qsdA==",
      "cpu": [
        "x64"
      ],
      "os": [
        "linux"
      ],
      "engines": {
        "node": ">= 10"
      }
    },
    "node_modules/@nomicfoundation/solidity-analyzer-linux-x64-musl": {
      "version": "0.1.1",
      "resolved": "https://registry.npmjs.org/@nomicfoundation/solidity-analyzer-linux-x64-musl/-/solidity-analyzer-linux-x64-musl-0.1.1.tgz",
      "integrity": "sha512-KdYMkJOq0SYPQMmErv/63CwGwMm5XHenEna9X9aB8mQmhDBrYrlAOSsIPgFCUSL0hjxE3xHP65/EPXR/InD2+w==",
      "cpu": [
        "x64"
      ],
      "os": [
        "linux"
      ],
      "engines": {
        "node": ">= 10"
      }
    },
    "node_modules/@nomicfoundation/solidity-analyzer-win32-arm64-msvc": {
      "version": "0.1.1",
      "resolved": "https://registry.npmjs.org/@nomicfoundation/solidity-analyzer-win32-arm64-msvc/-/solidity-analyzer-win32-arm64-msvc-0.1.1.tgz",
      "integrity": "sha512-VFZASBfl4qiBYwW5xeY20exWhmv6ww9sWu/krWSesv3q5hA0o1JuzmPHR4LPN6SUZj5vcqci0O6JOL8BPw+APg==",
      "cpu": [
        "arm64"
      ],
      "os": [
        "win32"
      ],
      "engines": {
        "node": ">= 10"
      }
    },
    "node_modules/@nomicfoundation/solidity-analyzer-win32-ia32-msvc": {
      "version": "0.1.1",
      "resolved": "https://registry.npmjs.org/@nomicfoundation/solidity-analyzer-win32-ia32-msvc/-/solidity-analyzer-win32-ia32-msvc-0.1.1.tgz",
      "integrity": "sha512-JnFkYuyCSA70j6Si6cS1A9Gh1aHTEb8kOTBApp/c7NRTFGNMH8eaInKlyuuiIbvYFhlXW4LicqyYuWNNq9hkpQ==",
      "cpu": [
        "ia32"
      ],
      "os": [
        "win32"
      ],
      "engines": {
        "node": ">= 10"
      }
    },
    "node_modules/@nomicfoundation/solidity-analyzer-win32-x64-msvc": {
      "version": "0.1.1",
      "resolved": "https://registry.npmjs.org/@nomicfoundation/solidity-analyzer-win32-x64-msvc/-/solidity-analyzer-win32-x64-msvc-0.1.1.tgz",
      "integrity": "sha512-HrVJr6+WjIXGnw3Q9u6KQcbZCtk0caVWhCdFADySvRyUxJ8PnzlaP+MhwNE8oyT8OZ6ejHBRrrgjSqDCFXGirw==",
      "cpu": [
        "x64"
      ],
      "os": [
        "win32"
      ],
      "engines": {
        "node": ">= 10"
      }
    }
  }
}
