{
  "name": "5.1",
  "lockfileVersion": 3,
  "requires": true,
  "packages": {
    "": {
      "dependencies": {
        "types-registry": "^0.1.655"
      },
      "devDependencies": {
        "@types/chai": "^4.3.5",
        "@types/d": "^1.0.1",
        "@types/death": "^1.1.2"
      }
    },
    "node_modules/@types/chai": {
      "version": "4.3.5",
      "resolved": "https://registry.npmjs.org/@types/chai/-/chai-4.3.5.tgz",
      "integrity": "sha512-mEo1sAde+UCE6b2hxn332f1g1E8WfYRu6p5SvTKr2ZKC1f7gFJXk4h5PyGP9Dt6gCaG8y8XhwnXWC6Iy2cmBng==",
      "dev": true
    },
    "node_modules/@types/d": {
      "version": "1.0.1",
      "resolved": "https://registry.npmjs.org/@types/d/-/d-1.0.1.tgz",
      "integrity": "sha512-QulmL64LyXp3f0B5YnGpNDQfwOnVdrF8SEj3I8UFY6BwNyV3p0RrU66UVTudG/pn15++bf1Zfjhr4389VClGGw==",
      "dev": true
    },
    "node_modules/@types/death": {
      "version": "1.1.2",
      "resolved": "https://registry.npmjs.org/@types/death/-/death-1.1.2.tgz",
      "integrity": "sha512-Rr5NV/H/zj6zgbh6TCwMEe0NhCVS2QbAor0pikvzGx5fh+xsnmV3KUEq2Vb4vgi9ytBHorva+ryQmij2rrstTQ==",
      "dev": true
    },
    "node_modules/types-registry": {
      "version": "0.1.655",
      "resolved": "https://registry.npmjs.org/types-registry/-/types-registry-0.1.655.tgz",
      "integrity": "sha512-j0uhGO+4Sn+9ILj9o0H+/vwi2NOIJRvT55Cx+gSGYy2FhjN221LPP1o05Y3pVPvDjCge4bngaYQCstYBUQCCew=="
    }
  }
}
